
Microsoft Visual Studio Solution File, Format Version 12.00
# Visual Studio Version 17
VisualStudioVersion = 17.3.32922.545
MinimumVisualStudioVersion = 10.0.40219.1
Project("{FAE04EC0-301F-11D3-BF4B-00C04F79EFBC}") = "Anagram", "Anagram\Anagram.csproj", "{091867FB-093E-4326-8CFB-E70461BB2799}"
EndProject
Project("{FAE04EC0-301F-11D3-BF4B-00C04F79EFBC}") = "AnagramTest", "AnagramTest\AnagramTest.csproj", "{88C5C219-39B9-46C2-958E-FA558A4DD686}"
EndProject
Global
	GlobalSection(SolutionConfigurationPlatforms) = preSolution
		Debug|Any CPU = Debug|Any CPU
		Release|Any CPU = Release|Any CPU
	EndGlobalSection
	GlobalSection(ProjectConfigurationPlatforms) = postSolution
		{091867FB-093E-4326-8CFB-E70461BB2799}.Debug|Any CPU.ActiveCfg = Debug|Any CPU
		{091867FB-093E-4326-8CFB-E70461BB2799}.Debug|Any CPU.Build.0 = Debug|Any CPU
		{091867FB-093E-4326-8CFB-E70461BB2799}.Release|Any CPU.ActiveCfg = Release|Any CPU
		{091867FB-093E-4326-8CFB-E70461BB2799}.Release|Any CPU.Build.0 = Release|Any CPU
		{88C5C219-39B9-46C2-958E-FA558A4DD686}.Debug|Any CPU.ActiveCfg = Debug|Any CPU
		{88C5C219-39B9-46C2-958E-FA558A4DD686}.Debug|Any CPU.Build.0 = Debug|Any CPU
		{88C5C219-39B9-46C2-958E-FA558A4DD686}.Release|Any CPU.ActiveCfg = Release|Any CPU
		{88C5C219-39B9-46C2-958E-FA558A4DD686}.Release|Any CPU.Build.0 = Release|Any CPU
	EndGlobalSection
	GlobalSection(SolutionProperties) = preSolution
		HideSolutionNode = FALSE
	EndGlobalSection
	GlobalSection(ExtensibilityGlobals) = postSolution
		SolutionGuid = {D7BF7681-6884-4B7A-9041-200A13B2D7F9}
	EndGlobalSection
EndGlobal
